
Microsoft Visual Studio Solution File, Format Version 12.00
# Visual Studio Version 17
VisualStudioVersion = 17.1.32319.34
MinimumVisualStudioVersion = 10.0.40219.1
Project("{FAE04EC0-301F-11D3-BF4B-00C04F79EFBC}") = "WebApplessons", "WebApplessons\WebApplessons.csproj", "{ABE71736-4226-48CC-A7F2-0CE0DE413559}"
EndProject
Project("{2150E333-8FDC-42A3-9474-1A3956D46DE8}") = "Tests", "Tests", "{B41327AE-A6FC-4D3C-927B-992C0C845D79}"
EndProject
Project("{FAE04EC0-301F-11D3-BF4B-00C04F79EFBC}") = "ConsoleApp1", "Tests\ConsoleApp1\ConsoleApp1.csproj", "{D2984DF5-079B-43CA-A973-1920B0CC12E5}"
EndProject
Global
	GlobalSection(SolutionConfigurationPlatforms) = preSolution
		Debug|Any CPU = Debug|Any CPU
		Release|Any CPU = Release|Any CPU
	EndGlobalSection
	GlobalSection(ProjectConfigurationPlatforms) = postSolution
		{ABE71736-4226-48CC-A7F2-0CE0DE413559}.Debug|Any CPU.ActiveCfg = Debug|Any CPU
		{ABE71736-4226-48CC-A7F2-0CE0DE413559}.Debug|Any CPU.Build.0 = Debug|Any CPU
		{ABE71736-4226-48CC-A7F2-0CE0DE413559}.Release|Any CPU.ActiveCfg = Release|Any CPU
		{ABE71736-4226-48CC-A7F2-0CE0DE413559}.Release|Any CPU.Build.0 = Release|Any CPU
		{D2984DF5-079B-43CA-A973-1920B0CC12E5}.Debug|Any CPU.ActiveCfg = Debug|Any CPU
		{D2984DF5-079B-43CA-A973-1920B0CC12E5}.Debug|Any CPU.Build.0 = Debug|Any CPU
		{D2984DF5-079B-43CA-A973-1920B0CC12E5}.Release|Any CPU.ActiveCfg = Release|Any CPU
		{D2984DF5-079B-43CA-A973-1920B0CC12E5}.Release|Any CPU.Build.0 = Release|Any CPU
	EndGlobalSection
	GlobalSection(SolutionProperties) = preSolution
		HideSolutionNode = FALSE
	EndGlobalSection
	GlobalSection(NestedProjects) = preSolution
		{D2984DF5-079B-43CA-A973-1920B0CC12E5} = {B41327AE-A6FC-4D3C-927B-992C0C845D79}
	EndGlobalSection
	GlobalSection(ExtensibilityGlobals) = postSolution
		SolutionGuid = {C3F3B22C-1579-4A1D-B9B2-70CD4F0E3220}
	EndGlobalSection
EndGlobal
